
Microsoft Visual Studio Solution File, Format Version 12.00
# Visual Studio Version 16
VisualStudioVersion = 16.0.30320.27
MinimumVisualStudioVersion = 10.0.40219.1
Project("{FAE04EC0-301F-11D3-BF4B-00C04F79EFBC}") = "Sona", "Sona.csproj", "{80A9D532-A1E7-4FCB-9F49-350E11E13502}"
EndProject
Global
	GlobalSection(SolutionConfigurationPlatforms) = preSolution
		Debug|Any CPU = Debug|Any CPU
		Release|Any CPU = Release|Any CPU
	EndGlobalSection
	GlobalSection(ProjectConfigurationPlatforms) = postSolution
		{80A9D532-A1E7-4FCB-9F49-350E11E13502}.Debug|Any CPU.ActiveCfg = Debug|Any CPU
		{80A9D532-A1E7-4FCB-9F49-350E11E13502}.Debug|Any CPU.Build.0 = Debug|Any CPU
		{80A9D532-A1E7-4FCB-9F49-350E11E13502}.Release|Any CPU.ActiveCfg = Release|Any CPU
		{80A9D532-A1E7-4FCB-9F49-350E11E13502}.Release|Any CPU.Build.0 = Release|Any CPU
	EndGlobalSection
	GlobalSection(SolutionProperties) = preSolution
		HideSolutionNode = FALSE
	EndGlobalSection
	GlobalSection(ExtensibilityGlobals) = postSolution
		SolutionGuid = {313EE5A8-B5F5-4680-ABA1-7CA4FAB1D82B}
	EndGlobalSection
EndGlobal
